// !$*UTF8*$!
{
	archiveVersion = 1;
	classes = {
	};
	objectVersion = 46;
	objects = {

/* Begin PBXBuildFile section */
		BAD1C00D1AA7A2700002B806 /* AppDelegate.swift in Sources */ = {isa = PBXBuildFile; fileRef = BAD1C00C1AA7A2700002B806 /* AppDelegate.swift */; };
		BAD1C00F1AA7A2700002B806 /* ViewController.swift in Sources */ = {isa = PBXBuildFile; fileRef = BAD1C00E1AA7A2700002B806 /* ViewController.swift */; };
		BAD1C0121AA7A2700002B806 /* Main.storyboard in Resources */ = {isa = PBXBuildFile; fileRef = BAD1C0101AA7A2700002B806 /* Main.storyboard */; };
		BAD1C0141AA7A2700002B806 /* Images.xcassets in Resources */ = {isa = PBXBuildFile; fileRef = BAD1C0131AA7A2700002B806 /* Images.xcassets */; };
		BAD1C0171AA7A2700002B806 /* LaunchScreen.xib in Resources */ = {isa = PBXBuildFile; fileRef = BAD1C0151AA7A2700002B806 /* LaunchScreen.xib */; };
		BAD1C0231AA7A2700002B806 /* Drag_caret_between_text_viewsTests.swift in Sources */ = {isa = PBXBuildFile; fileRef = BAD1C0221AA7A2700002B806 /* Drag_caret_between_text_viewsTests.swift */; };
/* End PBXBuildFile section */

/* Begin PBXContainerItemProxy section */
		BAD1C01D1AA7A2700002B806 /* PBXContainerItemProxy */ = {
			isa = PBXContainerItemProxy;
			containerPortal = BAD1BFFF1AA7A2700002B806 /* Project object */;
			proxyType = 1;
			remoteGlobalIDString = BAD1C0061AA7A2700002B806;
			remoteInfo = "Drag caret between text views";
		};
/* End PBXContainerItemProxy section */

/* Begin PBXFileReference section */
		BAD1C0071AA7A2700002B806 /* Drag caret between text views.app */ = {isa = PBXFileReference; explicitFileType = wrapper.application; includeInIndex = 0; path = "Drag caret between text views.app"; sourceTree = BUILT_PRODUCTS_DIR; };
		BAD1C00B1AA7A2700002B806 /* Info.plist */ = {isa = PBXFileReference; lastKnownFileType = text.plist.xml; path = Info.plist; sourceTree = "<group>"; };
		BAD1C00C1AA7A2700002B806 /* AppDelegate.swift */ = {isa = PBXFileReference; lastKnownFileType = sourcecode.swift; path = AppDelegate.swift; sourceTree = "<group>"; };
		BAD1C00E1AA7A2700002B806 /* ViewController.swift */ = {isa = PBXFileReference; lastKnownFileType = sourcecode.swift; path = ViewController.swift; sourceTree = "<group>"; };
		BAD1C0111AA7A2700002B806 /* Base */ = {isa = PBXFileReference; lastKnownFileType = file.storyboard; name = Base; path = Base.lproj/Main.storyboard; sourceTree = "<group>"; };
		BAD1C0131AA7A2700002B806 /* Images.xcassets */ = {isa = PBXFileReference; lastKnownFileType = folder.assetcatalog; path = Images.xcassets; sourceTree = "<group>"; };
		BAD1C0161AA7A2700002B806 /* Base */ = {isa = PBXFileReference; lastKnownFileType = file.xib; name = Base; path = Base.lproj/LaunchScreen.xib; sourceTree = "<group>"; };
		BAD1C01C1AA7A2700002B806 /* Drag caret between text viewsTests.xctest */ = {isa = PBXFileReference; explicitFileType = wrapper.cfbundle; includeInIndex = 0; path = "Drag caret between text viewsTests.xctest"; sourceTree = BUILT_PRODUCTS_DIR; };
		BAD1C0211AA7A2700002B806 /* Info.plist */ = {isa = PBXFileReference; lastKnownFileType = text.plist.xml; path = Info.plist; sourceTree = "<group>"; };
		BAD1C0221AA7A2700002B806 /* Drag_caret_between_text_viewsTests.swift */ = {isa = PBXFileReference; lastKnownFileType = sourcecode.swift; path = Drag_caret_between_text_viewsTests.swift; sourceTree = "<group>"; };
/* End PBXFileReference section */

/* Begin PBXFrameworksBuildPhase section */
		BAD1C0041AA7A2700002B806 /* Frameworks */ = {
			isa = PBXFrameworksBuildPhase;
			buildActionMask = 2147483647;
			files = (
			);
			runOnlyForDeploymentPostprocessing = 0;
		};
		BAD1C0191AA7A2700002B806 /* Frameworks */ = {
			isa = PBXFrameworksBuildPhase;
			buildActionMask = 2147483647;
			files = (
			);
			runOnlyForDeploymentPostprocessing = 0;
		};
/* End PBXFrameworksBuildPhase section */

/* Begin PBXGroup section */
		BAD1BFFE1AA7A2700002B806 = {
			isa = PBXGroup;
			children = (
				BAD1C0091AA7A2700002B806 /* Drag caret between text views */,
				BAD1C01F1AA7A2700002B806 /* Drag caret between text viewsTests */,
				BAD1C0081AA7A2700002B806 /* Products */,
			);
			sourceTree = "<group>";
		};
		BAD1C0081AA7A2700002B806 /* Products */ = {
			isa = PBXGroup;
			children = (
				BAD1C0071AA7A2700002B806 /* Drag caret between text views.app */,
				BAD1C01C1AA7A2700002B806 /* Drag caret between text viewsTests.xctest */,
			);
			name = Products;
			sourceTree = "<group>";
		};
		BAD1C0091AA7A2700002B806 /* Drag caret between text views */ = {
			isa = PBXGroup;
			children = (
				BAD1C00C1AA7A2700002B806 /* AppDelegate.swift */,
				BAD1C00E1AA7A2700002B806 /* ViewController.swift */,
				BAD1C0101AA7A2700002B806 /* Main.storyboard */,
				BAD1C0131AA7A2700002B806 /* Images.xcassets */,
				BAD1C0151AA7A2700002B806 /* LaunchScreen.xib */,
				BAD1C00A1AA7A2700002B806 /* Supporting Files */,
			);
			path = "Drag caret between text views";
			sourceTree = "<group>";
		};
		BAD1C00A1AA7A2700002B806 /* Supporting Files */ = {
			isa = PBXGroup;
			children = (
				BAD1C00B1AA7A2700002B806 /* Info.plist */,
			);
			name = "Supporting Files";
			sourceTree = "<group>";
		};
		BAD1C01F1AA7A2700002B806 /* Drag caret between text viewsTests */ = {
			isa = PBXGroup;
			children = (
				BAD1C0221AA7A2700002B806 /* Drag_caret_between_text_viewsTests.swift */,
				BAD1C0201AA7A2700002B806 /* Supporting Files */,
			);
			path = "Drag caret between text viewsTests";
			sourceTree = "<group>";
		};
		BAD1C0201AA7A2700002B806 /* Supporting Files */ = {
			isa = PBXGroup;
			children = (
				BAD1C0211AA7A2700002B806 /* Info.plist */,
			);
			name = "Supporting Files";
			sourceTree = "<group>";
		};
/* End PBXGroup section */

/* Begin PBXNativeTarget section */
		BAD1C0061AA7A2700002B806 /* Drag caret between text views */ = {
			isa = PBXNativeTarget;
			buildConfigurationList = BAD1C0261AA7A2700002B806 /* Build configuration list for PBXNativeTarget "Drag caret between text views" */;
			buildPhases = (
				BAD1C0031AA7A2700002B806 /* Sources */,
				BAD1C0041AA7A2700002B806 /* Frameworks */,
				BAD1C0051AA7A2700002B806 /* Resources */,
			);
			buildRules = (
			);
			dependencies = (
			);
			name = "Drag caret between text views";
			productName = "Drag caret between text views";
			productReference = BAD1C0071AA7A2700002B806 /* Drag caret between text views.app */;
			productType = "com.apple.product-type.application";
		};
		BAD1C01B1AA7A2700002B806 /* Drag caret between text viewsTests */ = {
			isa = PBXNativeTarget;
			buildConfigurationList = BAD1C0291AA7A2700002B806 /* Build configuration list for PBXNativeTarget "Drag caret between text viewsTests" */;
			buildPhases = (
				BAD1C0181AA7A2700002B806 /* Sources */,
				BAD1C0191AA7A2700002B806 /* Frameworks */,
				BAD1C01A1AA7A2700002B806 /* Resources */,
			);
			buildRules = (
			);
			dependencies = (
				BAD1C01E1AA7A2700002B806 /* PBXTargetDependency */,
			);
			name = "Drag caret between text viewsTests";
			productName = "Drag caret between text viewsTests";
			productReference = BAD1C01C1AA7A2700002B806 /* Drag caret between text viewsTests.xctest */;
			productType = "com.apple.product-type.bundle.unit-test";
		};
/* End PBXNativeTarget section */

/* Begin PBXProject section */
		BAD1BFFF1AA7A2700002B806 /* Project object */ = {
			isa = PBXProject;
			attributes = {
				LastUpgradeCheck = 0630;
				ORGANIZATIONNAME = "NotTooBad Software";
				TargetAttributes = {
					BAD1C0061AA7A2700002B806 = {
						CreatedOnToolsVersion = 6.3;
					};
					BAD1C01B1AA7A2700002B806 = {
						CreatedOnToolsVersion = 6.3;
						TestTargetID = BAD1C0061AA7A2700002B806;
					};
				};
			};
			buildConfigurationList = BAD1C0021AA7A2700002B806 /* Build configuration list for PBXProject "Drag caret between text views" */;
			compatibilityVersion = "Xcode 3.2";
			developmentRegion = English;
			hasScannedForEncodings = 0;
			knownRegions = (
				en,
				Base,
			);
			mainGroup = BAD1BFFE1AA7A2700002B806;
			productRefGroup = BAD1C0081AA7A2700002B806 /* Products */;
			projectDirPath = "";
			projectRoot = "";
			targets = (
				BAD1C0061AA7A2700002B806 /* Drag caret between text views */,
				BAD1C01B1AA7A2700002B806 /* Drag caret between text viewsTests */,
			);
		};
/* End PBXProject section */

/* Begin PBXResourcesBuildPhase section */
		BAD1C0051AA7A2700002B806 /* Resources */ = {
			isa = PBXResourcesBuildPhase;
			buildActionMask = 2147483647;
			files = (
				BAD1C0121AA7A2700002B806 /* Main.storyboard in Resources */,
				BAD1C0171AA7A2700002B806 /* LaunchScreen.xib in Resources */,
				BAD1C0141AA7A2700002B806 /* Images.xcassets in Resources */,
			);
			runOnlyForDeploymentPostprocessing = 0;
		};
		BAD1C01A1AA7A2700002B806 /* Resources */ = {
			isa = PBXResourcesBuildPhase;
			buildActionMask = 2147483647;
			files = (
			);
			runOnlyForDeploymentPostprocessing = 0;
		};
/* End PBXResourcesBuildPhase section */

/* Begin PBXSourcesBuildPhase section */
		BAD1C0031AA7A2700002B806 /* Sources */ = {
			isa = PBXSourcesBuildPhase;
			buildActionMask = 2147483647;
			files = (
				BAD1C00F1AA7A2700002B806 /* ViewController.swift in Sources */,
				BAD1C00D1AA7A2700002B806 /* AppDelegate.swift in Sources */,
			);
			runOnlyForDeploymentPostprocessing = 0;
		};
		BAD1C0181AA7A2700002B806 /* Sources */ = {
			isa = PBXSourcesBuildPhase;
			buildActionMask = 2147483647;
			files = (
				BAD1C0231AA7A2700002B806 /* Drag_caret_between_text_viewsTests.swift in Sources */,
			);
			runOnlyForDeploymentPostprocessing = 0;
		};
/* End PBXSourcesBuildPhase section */

/* Begin PBXTargetDependency section */
		BAD1C01E1AA7A2700002B806 /* PBXTargetDependency */ = {
			isa = PBXTargetDependency;
			target = BAD1C0061AA7A2700002B806 /* Drag caret between text views */;
			targetProxy = BAD1C01D1AA7A2700002B806 /* PBXContainerItemProxy */;
		};
/* End PBXTargetDependency section */

/* Begin PBXVariantGroup section */
		BAD1C0101AA7A2700002B806 /* Main.storyboard */ = {
			isa = PBXVariantGroup;
			children = (
				BAD1C0111AA7A2700002B806 /* Base */,
			);
			name = Main.storyboard;
			sourceTree = "<group>";
		};
		BAD1C0151AA7A2700002B806 /* LaunchScreen.xib */ = {
			isa = PBXVariantGroup;
			children = (
				BAD1C0161AA7A2700002B806 /* Base */,
			);
			name = LaunchScreen.xib;
			sourceTree = "<group>";
		};
/* End PBXVariantGroup section */

/* Begin XCBuildConfiguration section */
		BAD1C0241AA7A2700002B806 /* Debug */ = {
			isa = XCBuildConfiguration;
			buildSettings = {
				ALWAYS_SEARCH_USER_PATHS = NO;
				CLANG_CXX_LANGUAGE_STANDARD = "gnu++0x";
				CLANG_CXX_LIBRARY = "libc++";
				CLANG_ENABLE_MODULES = YES;
				CLANG_ENABLE_OBJC_ARC = YES;
				CLANG_WARN_BOOL_CONVERSION = YES;
				CLANG_WARN_CONSTANT_CONVERSION = YES;
				CLANG_WARN_DIRECT_OBJC_ISA_USAGE = YES_ERROR;
				CLANG_WARN_EMPTY_BODY = YES;
				CLANG_WARN_ENUM_CONVERSION = YES;
				CLANG_WARN_INT_CONVERSION = YES;
				CLANG_WARN_OBJC_ROOT_CLASS = YES_ERROR;
				CLANG_WARN_UNREACHABLE_CODE = YES;
				CLANG_WARN__DUPLICATE_METHOD_MATCH = YES;
				"CODE_SIGN_IDENTITY[sdk=iphoneos*]" = "iPhone Developer";
				COPY_PHASE_STRIP = NO;
				DEBUG_INFORMATION_FORMAT = dwarf;
				ENABLE_STRICT_OBJC_MSGSEND = YES;
				GCC_C_LANGUAGE_STANDARD = gnu99;
				GCC_DYNAMIC_NO_PIC = NO;
				GCC_NO_COMMON_BLOCKS = YES;
				GCC_OPTIMIZATION_LEVEL = 0;
				GCC_PREPROCESSOR_DEFINITIONS = (
					"DEBUG=1",
					"$(inherited)",
				);
				GCC_SYMBOLS_PRIVATE_EXTERN = NO;
				GCC_WARN_64_TO_32_BIT_CONVERSION = YES;
				GCC_WARN_ABOUT_RETURN_TYPE = YES_ERROR;
				GCC_WARN_UNDECLARED_SELECTOR = YES;
				GCC_WARN_UNINITIALIZED_AUTOS = YES_AGGRESSIVE;
				GCC_WARN_UNUSED_FUNCTION = YES;
				GCC_WARN_UNUSED_VARIABLE = YES;
				IPHONEOS_DEPLOYMENT_TARGET = 8.1;
				MTL_ENABLE_DEBUG_INFO = YES;
				ONLY_ACTIVE_ARCH = YES;
				SDKROOT = iphoneos;
				SWIFT_OPTIMIZATION_LEVEL = "-Onone";
				TARGETED_DEVICE_FAMILY = "1,2";
			};
			name = Debug;
		};
		BAD1C0251AA7A2700002B806 /* Release */ = {
			isa = XCBuildConfiguration;
			buildSettings = {
				ALWAYS_SEARCH_USER_PATHS = NO;
				CLANG_CXX_LANGUAGE_STANDARD = "gnu++0x";
				CLANG_CXX_LIBRARY = "libc++";
				CLANG_ENABLE_MODULES = YES;
				CLANG_ENABLE_OBJC_ARC = YES;
				CLANG_WARN_BOOL_CONVERSION = YES;
				CLANG_WARN_CONSTANT_CONVERSION = YES;
				CLANG_WARN_DIRECT_OBJC_ISA_USAGE = YES_ERROR;
				CLANG_WARN_EMPTY_BODY = YES;
				CLANG_WARN_ENUM_CONVERSION = YES;
				CLANG_WARN_INT_CONVERSION = YES;
				CLANG_WARN_OBJC_ROOT_CLASS = YES_ERROR;
				CLANG_WARN_UNREACHABLE_CODE = YES;
				CLANG_WARN__DUPLICATE_METHOD_MATCH = YES;
				"CODE_SIGN_IDENTITY[sdk=iphoneos*]" = "iPhone Developer";
				COPY_PHASE_STRIP = NO;
				DEBUG_INFORMATION_FORMAT = "dwarf-with-dsym";
				ENABLE_NS_ASSERTIONS = NO;
				ENABLE_STRICT_OBJC_MSGSEND = YES;
				GCC_C_LANGUAGE_STANDARD = gnu99;
				GCC_NO_COMMON_BLOCKS = YES;
				GCC_WARN_64_TO_32_BIT_CONVERSION = YES;
				GCC_WARN_ABOUT_RETURN_TYPE = YES_ERROR;
				GCC_WARN_UNDECLARED_SELECTOR = YES;
				GCC_WARN_UNINITIALIZED_AUTOS = YES_AGGRESSIVE;
				GCC_WARN_UNUSED_FUNCTION = YES;
				GCC_WARN_UNUSED_VARIABLE = YES;
				IPHONEOS_DEPLOYMENT_TARGET = 8.1;
				MTL_ENABLE_DEBUG_INFO = NO;
				SDKROOT = iphoneos;
				TARGETED_DEVICE_FAMILY = "1,2";
				VALIDATE_PRODUCT = YES;
			};
			name = Release;
		};
		BAD1C0271AA7A2700002B806 /* Debug */ = {
			isa = XCBuildConfiguration;
			buildSettings = {
				ASSETCATALOG_COMPILER_APPICON_NAME = AppIcon;
				INFOPLIST_FILE = "Drag caret between text views/Info.plist";
				LD_RUNPATH_SEARCH_PATHS = "$(inherited) @executable_path/Frameworks";
				PRODUCT_NAME = "$(TARGET_NAME)";
			};
			name = Debug;
		};
		BAD1C0281AA7A2700002B806 /* Release */ = {
			isa = XCBuildConfiguration;
			buildSettings = {
				ASSETCATALOG_COMPILER_APPICON_NAME = AppIcon;
				INFOPLIST_FILE = "Drag caret between text views/Info.plist";
				LD_RUNPATH_SEARCH_PATHS = "$(inherited) @executable_path/Frameworks";
				PRODUCT_NAME = "$(TARGET_NAME)";
			};
			name = Release;
		};
		BAD1C02A1AA7A2700002B806 /* Debug */ = {
			isa = XCBuildConfiguration;
			buildSettings = {
				BUNDLE_LOADER = "$(TEST_HOST)";
				FRAMEWORK_SEARCH_PATHS = (
					"$(SDKROOT)/Developer/Library/Frameworks",
					"$(inherited)",
				);
				GCC_PREPROCESSOR_DEFINITIONS = (
					"DEBUG=1",
					"$(inherited)",
				);
				INFOPLIST_FILE = "Drag caret between text viewsTests/Info.plist";
				LD_RUNPATH_SEARCH_PATHS = "$(inherited) @executable_path/Frameworks @loader_path/Frameworks";
				PRODUCT_NAME = "$(TARGET_NAME)";
				TEST_HOST = "$(BUILT_PRODUCTS_DIR)/Drag caret between text views.app/Drag caret between text views";
			};
			name = Debug;
		};
		BAD1C02B1AA7A2700002B806 /* Release */ = {
			isa = XCBuildConfiguration;
			buildSettings = {
				BUNDLE_LOADER = "$(TEST_HOST)";
				FRAMEWORK_SEARCH_PATHS = (
					"$(SDKROOT)/Developer/Library/Frameworks",
					"$(inherited)",
				);
				INFOPLIST_FILE = "Drag caret between text viewsTests/Info.plist";
				LD_RUNPATH_SEARCH_PATHS = "$(inherited) @executable_path/Frameworks @loader_path/Frameworks";
				PRODUCT_NAME = "$(TARGET_NAME)";
				TEST_HOST = "$(BUILT_PRODUCTS_DIR)/Drag caret between text views.app/Drag caret between text views";
			};
			name = Release;
		};
/* End XCBuildConfiguration section */

/* Begin XCConfigurationList section */
		BAD1C0021AA7A2700002B806 /* Build configuration list for PBXProject "Drag caret between text views" */ = {
			isa = XCConfigurationList;
			buildConfigurations = (
				BAD1C0241AA7A2700002B806 /* Debug */,
				BAD1C0251AA7A2700002B806 /* Release */,
			);
			defaultConfigurationIsVisible = 0;
			defaultConfigurationName = Release;
		};
		BAD1C0261AA7A2700002B806 /* Build configuration list for PBXNativeTarget "Drag caret between text views" */ = {
			isa = XCConfigurationList;
			buildConfigurations = (
				BAD1C0271AA7A2700002B806 /* Debug */,
				BAD1C0281AA7A2700002B806 /* Release */,
			);
			defaultConfigurationIsVisible = 0;
		};
		BAD1C0291AA7A2700002B806 /* Build configuration list for PBXNativeTarget "Drag caret between text viewsTests" */ = {
			isa = XCConfigurationList;
			buildConfigurations = (
				BAD1C02A1AA7A2700002B806 /* Debug */,
				BAD1C02B1AA7A2700002B806 /* Release */,
			);
			defaultConfigurationIsVisible = 0;
		};
/* End XCConfigurationList section */
	};
	rootObject = BAD1BFFF1AA7A2700002B806 /* Project object */;
}
